
Microsoft Visual Studio Solution File, Format Version 12.00
# Visual Studio Version 17
VisualStudioVersion = 17.7.34221.43
MinimumVisualStudioVersion = 10.0.40219.1
Project("{FAE04EC0-301F-11D3-BF4B-00C04F79EFBC}") = "MVC-caine", "MVC-caine\MVC-caine.csproj", "{ADBB096D-798C-4BE6-97F6-BF4CA8478522}"
EndProject
Global
	GlobalSection(SolutionConfigurationPlatforms) = preSolution
		Debug|Any CPU = Debug|Any CPU
		Release|Any CPU = Release|Any CPU
	EndGlobalSection
	GlobalSection(ProjectConfigurationPlatforms) = postSolution
		{ADBB096D-798C-4BE6-97F6-BF4CA8478522}.Debug|Any CPU.ActiveCfg = Debug|Any CPU
		{ADBB096D-798C-4BE6-97F6-BF4CA8478522}.Debug|Any CPU.Build.0 = Debug|Any CPU
		{ADBB096D-798C-4BE6-97F6-BF4CA8478522}.Release|Any CPU.ActiveCfg = Release|Any CPU
		{ADBB096D-798C-4BE6-97F6-BF4CA8478522}.Release|Any CPU.Build.0 = Release|Any CPU
	EndGlobalSection
	GlobalSection(SolutionProperties) = preSolution
		HideSolutionNode = FALSE
	EndGlobalSection
	GlobalSection(ExtensibilityGlobals) = postSolution
		SolutionGuid = {05C061A5-BB17-4591-B7FE-90A78985B518}
	EndGlobalSection
EndGlobal
